
Microsoft Visual Studio Solution File, Format Version 12.00
# Visual Studio Version 16
VisualStudioVersion = 16.0.29424.173
MinimumVisualStudioVersion = 10.0.40219.1
Project("{9A19103F-16F7-4668-BE54-9A1E7A4F7556}") = "DatingApp.API", "DatingApp.API.csproj", "{48A1967D-3E10-474C-8699-E89C2BD3667B}"
EndProject
Global
	GlobalSection(SolutionConfigurationPlatforms) = preSolution
		Debug|Any CPU = Debug|Any CPU
		Release|Any CPU = Release|Any CPU
	EndGlobalSection
	GlobalSection(ProjectConfigurationPlatforms) = postSolution
		{48A1967D-3E10-474C-8699-E89C2BD3667B}.Debug|Any CPU.ActiveCfg = Debug|Any CPU
		{48A1967D-3E10-474C-8699-E89C2BD3667B}.Debug|Any CPU.Build.0 = Debug|Any CPU
		{48A1967D-3E10-474C-8699-E89C2BD3667B}.Release|Any CPU.ActiveCfg = Release|Any CPU
		{48A1967D-3E10-474C-8699-E89C2BD3667B}.Release|Any CPU.Build.0 = Release|Any CPU
	EndGlobalSection
	GlobalSection(SolutionProperties) = preSolution
		HideSolutionNode = FALSE
	EndGlobalSection
	GlobalSection(ExtensibilityGlobals) = postSolution
		SolutionGuid = {F8CE03B1-8619-476B-B662-D064CC12BFA2}
	EndGlobalSection
EndGlobal
